// !$*UTF8*$!
{
	archiveVersion = 1;
	classes = {
	};
	objectVersion = 77;
	objects = {

/* Begin PBXBuildFile section */
		35353232343637632D656138342D343265372D623835322D /* SmartCane/DeepLabV3Int8LUT.mlmodel in Sources */ = {isa = PBXBuildFile; fileRef = 36633930623233662D376234392D343831632D613665352D /* SmartCane/DeepLabV3Int8LUT.mlmodel */; };
		53D142ED2F4056B900561843 /* ARKit.framework in Frameworks */ = {isa = PBXBuildFile; fileRef = 53D142EC2F4056B900561843 /* ARKit.framework */; };
		53D142EF2F4056C100561843 /* CoreBluetooth.framework in Frameworks */ = {isa = PBXBuildFile; fileRef = 53D142EE2F4056C100561843 /* CoreBluetooth.framework */; };
		53D142F12F4056C800561843 /* AVFoundation.framework in Frameworks */ = {isa = PBXBuildFile; fileRef = 53D142F02F4056C800561843 /* AVFoundation.framework */; };
		53D142F32F4056CF00561843 /* Speech.framework in Frameworks */ = {isa = PBXBuildFile; fileRef = 53D142F22F4056CF00561843 /* Speech.framework */; };
		53D142F52F4056D500561843 /* CoreHaptics.framework in Frameworks */ = {isa = PBXBuildFile; fileRef = 53D142F42F4056D500561843 /* CoreHaptics.framework */; };
		53D142F72F4056DE00561843 /* CoreLocation.framework in Frameworks */ = {isa = PBXBuildFile; fileRef = 53D142F62F4056DE00561843 /* CoreLocation.framework */; };
		53D142F92F4056E400561843 /* MapKit.framework in Frameworks */ = {isa = PBXBuildFile; fileRef = 53D142F82F4056E400561843 /* MapKit.framework */; };
		F8EF5DAD2F413DA8006EE8D0 /* Vapi in Frameworks */ = {isa = PBXBuildFile; productRef = F8EF5DAC2F413DA8006EE8D0 /* Vapi */; };
/* End PBXBuildFile section */

/* Begin PBXFileReference section */
		36633930623233662D376234392D343831632D613665352D /* SmartCane/DeepLabV3Int8LUT.mlmodel */ = {isa = PBXFileReference; lastKnownFileType = file.mlmodel; path = SmartCane/DeepLabV3Int8LUT.mlmodel; sourceTree = "<group>"; };
		53D142C12F4055C700561843 /* SmartCane.app */ = {isa = PBXFileReference; explicitFileType = wrapper.application; includeInIndex = 0; path = SmartCane.app; sourceTree = BUILT_PRODUCTS_DIR; };
		53D142EC2F4056B900561843 /* ARKit.framework */ = {isa = PBXFileReference; lastKnownFileType = wrapper.framework; name = ARKit.framework; path = System/Library/Frameworks/ARKit.framework; sourceTree = SDKROOT; };
		53D142EE2F4056C100561843 /* CoreBluetooth.framework */ = {isa = PBXFileReference; lastKnownFileType = wrapper.framework; name = CoreBluetooth.framework; path = System/Library/Frameworks/CoreBluetooth.framework; sourceTree = SDKROOT; };
		53D142F02F4056C800561843 /* AVFoundation.framework */ = {isa = PBXFileReference; lastKnownFileType = wrapper.framework; name = AVFoundation.framework; path = System/Library/Frameworks/AVFoundation.framework; sourceTree = SDKROOT; };
		53D142F22F4056CF00561843 /* Speech.framework */ = {isa = PBXFileReference; lastKnownFileType = wrapper.framework; name = Speech.framework; path = System/Library/Frameworks/Speech.framework; sourceTree = SDKROOT; };
		53D142F42F4056D500561843 /* CoreHaptics.framework */ = {isa = PBXFileReference; lastKnownFileType = wrapper.framework; name = CoreHaptics.framework; path = System/Library/Frameworks/CoreHaptics.framework; sourceTree = SDKROOT; };
		53D142F62F4056DE00561843 /* CoreLocation.framework */ = {isa = PBXFileReference; lastKnownFileType = wrapper.framework; name = CoreLocation.framework; path = System/Library/Frameworks/CoreLocation.framework; sourceTree = SDKROOT; };
		53D142F82F4056E400561843 /* MapKit.framework */ = {isa = PBXFileReference; lastKnownFileType = wrapper.framework; name = MapKit.framework; path = System/Library/Frameworks/MapKit.framework; sourceTree = SDKROOT; };
/* End PBXFileReference section */

/* Begin PBXFileSystemSynchronizedBuildFileExceptionSet section */
		53D142FA2F405C2800561843 /* Exceptions for "SmartCane" folder in "SmartCane" target */ = {
			isa = PBXFileSystemSynchronizedBuildFileExceptionSet;
			membershipExceptions = (
				Info.plist,
			);
			target = 53D142C02F4055C700561843 /* SmartCane */;
		};
/* End PBXFileSystemSynchronizedBuildFileExceptionSet section */

/* Begin PBXFileSystemSynchronizedRootGroup section */
		53D142C32F4055C700561843 /* SmartCane */ = {
			isa = PBXFileSystemSynchronizedRootGroup;
			exceptions = (
				53D142FA2F405C2800561843 /* Exceptions for "SmartCane" folder in "SmartCane" target */,
			);
			path = SmartCane;
			sourceTree = "<group>";
		};
/* End PBXFileSystemSynchronizedRootGroup section */

/* Begin PBXFrameworksBuildPhase section */
		53D142BE2F4055C700561843 /* Frameworks */ = {
			isa = PBXFrameworksBuildPhase;
			buildActionMask = 2147483647;
			files = (
				53D142F72F4056DE00561843 /* CoreLocation.framework in Frameworks */,
				53D142F32F4056CF00561843 /* Speech.framework in Frameworks */,
				53D142EF2F4056C100561843 /* CoreBluetooth.framework in Frameworks */,
				53D142F52F4056D500561843 /* CoreHaptics.framework in Frameworks */,
				F8EF5DAD2F413DA8006EE8D0 /* Vapi in Frameworks */,
				53D142F92F4056E400561843 /* MapKit.framework in Frameworks */,
				53D142ED2F4056B900561843 /* ARKit.framework in Frameworks */,
				53D142F12F4056C800561843 /* AVFoundation.framework in Frameworks */,
			);
			runOnlyForDeploymentPostprocessing = 0;
		};
/* End PBXFrameworksBuildPhase section */

/* Begin PBXGroup section */
		53D142B82F4055C700561843 = {
			isa = PBXGroup;
			children = (
				53D142C32F4055C700561843 /* SmartCane */,
				53D142EB2F4056B900561843 /* Frameworks */,
				53D142C22F4055C700561843 /* Products */,
			);
			sourceTree = "<group>";
		};
		53D142C22F4055C700561843 /* Products */ = {
			isa = PBXGroup;
			children = (
				53D142C12F4055C700561843 /* SmartCane.app */,
			);
			name = Products;
			sourceTree = "<group>";
		};
		53D142EB2F4056B900561843 /* Frameworks */ = {
			isa = PBXGroup;
			children = (
				36633930623233662D376234392D343831632D613665352D /* SmartCane/DeepLabV3Int8LUT.mlmodel */,
				53D142F82F4056E400561843 /* MapKit.framework */,
				53D142F62F4056DE00561843 /* CoreLocation.framework */,
				53D142F42F4056D500561843 /* CoreHaptics.framework */,
				53D142F22F4056CF00561843 /* Speech.framework */,
				53D142F02F4056C800561843 /* AVFoundation.framework */,
				53D142EE2F4056C100561843 /* CoreBluetooth.framework */,
				53D142EC2F4056B900561843 /* ARKit.framework */,
			);
			name = Frameworks;
			sourceTree = "<group>";
		};
/* End PBXGroup section */

/* Begin PBXNativeTarget section */
		53D142C02F4055C700561843 /* SmartCane */ = {
			isa = PBXNativeTarget;
			buildConfigurationList = 53D142CC2F4055C900561843 /* Build configuration list for PBXNativeTarget "SmartCane" */;
			buildPhases = (
				53D142BD2F4055C700561843 /* Sources */,
				53D142BE2F4055C700561843 /* Frameworks */,
				53D142BF2F4055C700561843 /* Resources */,
			);
			buildRules = (
			);
			dependencies = (
			);
			fileSystemSynchronizedGroups = (
				53D142C32F4055C700561843 /* SmartCane */,
			);
			name = SmartCane;
			packageProductDependencies = (
				F8EF5DAC2F413DA8006EE8D0 /* Vapi */,
			);
			productName = SmartCane;
			productReference = 53D142C12F4055C700561843 /* SmartCane.app */;
			productType = "com.apple.product-type.application";
		};
/* End PBXNativeTarget section */

/* Begin PBXProject section */
		53D142B92F4055C700561843 /* Project object */ = {
			isa = PBXProject;
			attributes = {
				BuildIndependentTargetsInParallel = 1;
				LastSwiftUpdateCheck = 2620;
				LastUpgradeCheck = 2620;
				TargetAttributes = {
					53D142C02F4055C700561843 = {
						CreatedOnToolsVersion = 26.2;
					};
				};
			};
			buildConfigurationList = 53D142BC2F4055C700561843 /* Build configuration list for PBXProject "SmartCane" */;
			developmentRegion = en;
			hasScannedForEncodings = 0;
			knownRegions = (
				en,
				Base,
			);
			mainGroup = 53D142B82F4055C700561843;
			minimizedProjectReferenceProxies = 1;
			packageReferences = (
				F8EF5DAB2F413DA8006EE8D0 /* XCRemoteSwiftPackageReference "client-sdk-ios" */,
			);
			preferredProjectObjectVersion = 77;
			productRefGroup = 53D142C22F4055C700561843 /* Products */;
			projectDirPath = "";
			projectRoot = "";
			targets = (
				53D142C02F4055C700561843 /* SmartCane */,
			);
		};
/* End PBXProject section */

/* Begin PBXResourcesBuildPhase section */
		53D142BF2F4055C700561843 /* Resources */ = {
			isa = PBXResourcesBuildPhase;
			buildActionMask = 2147483647;
			files = (
			);
			runOnlyForDeploymentPostprocessing = 0;
		};
/* End PBXResourcesBuildPhase section */

/* Begin PBXSourcesBuildPhase section */
		53D142BD2F4055C700561843 /* Sources */ = {
			isa = PBXSourcesBuildPhase;
			buildActionMask = 2147483647;
			files = (
				35353232343637632D656138342D343265372D623835322D /* SmartCane/DeepLabV3Int8LUT.mlmodel in Sources */,
			);
			runOnlyForDeploymentPostprocessing = 0;
		};
/* End PBXSourcesBuildPhase section */

/* Begin XCBuildConfiguration section */
		53D142CA2F4055C900561843 /* Debug */ = {
			isa = XCBuildConfiguration;
			buildSettings = {
				ALWAYS_SEARCH_USER_PATHS = NO;
				ASSETCATALOG_COMPILER_GENERATE_SWIFT_ASSET_SYMBOL_EXTENSIONS = YES;
				CLANG_ANALYZER_NONNULL = YES;
				CLANG_ANALYZER_NUMBER_OBJECT_CONVERSION = YES_AGGRESSIVE;
				CLANG_CXX_LANGUAGE_STANDARD = "gnu++20";
				CLANG_ENABLE_MODULES = YES;
				CLANG_ENABLE_OBJC_ARC = YES;
				CLANG_ENABLE_OBJC_WEAK = YES;
				CLANG_WARN_BLOCK_CAPTURE_AUTORELEASING = YES;
				CLANG_WARN_BOOL_CONVERSION = YES;
				CLANG_WARN_COMMA = YES;
				CLANG_WARN_CONSTANT_CONVERSION = YES;
				CLANG_WARN_DEPRECATED_OBJC_IMPLEMENTATIONS = YES;
				CLANG_WARN_DIRECT_OBJC_ISA_USAGE = YES_ERROR;
				CLANG_WARN_DOCUMENTATION_COMMENTS = YES;
				CLANG_WARN_EMPTY_BODY = YES;
				CLANG_WARN_ENUM_CONVERSION = YES;
				CLANG_WARN_INFINITE_RECURSION = YES;
				CLANG_WARN_INT_CONVERSION = YES;
				CLANG_WARN_NON_LITERAL_NULL_CONVERSION = YES;
				CLANG_WARN_OBJC_IMPLICIT_RETAIN_SELF = YES;
				CLANG_WARN_OBJC_LITERAL_CONVERSION = YES;
				CLANG_WARN_OBJC_ROOT_CLASS = YES_ERROR;
				CLANG_WARN_QUOTED_INCLUDE_IN_FRAMEWORK_HEADER = YES;
				CLANG_WARN_RANGE_LOOP_ANALYSIS = YES;
				CLANG_WARN_STRICT_PROTOTYPES = YES;
				CLANG_WARN_SUSPICIOUS_MOVE = YES;
				CLANG_WARN_UNGUARDED_AVAILABILITY = YES_AGGRESSIVE;
				CLANG_WARN_UNREACHABLE_CODE = YES;
				CLANG_WARN__DUPLICATE_METHOD_MATCH = YES;
				COPY_PHASE_STRIP = NO;
				DEBUG_INFORMATION_FORMAT = dwarf;
				ENABLE_STRICT_OBJC_MSGSEND = YES;
				ENABLE_TESTABILITY = YES;
				ENABLE_USER_SCRIPT_SANDBOXING = YES;
				GCC_C_LANGUAGE_STANDARD = gnu17;
				GCC_DYNAMIC_NO_PIC = NO;
				GCC_NO_COMMON_BLOCKS = YES;
				GCC_OPTIMIZATION_LEVEL = 0;
				GCC_PREPROCESSOR_DEFINITIONS = (
					"DEBUG=1",
					"$(inherited)",
				);
				GCC_WARN_64_TO_32_BIT_CONVERSION = YES;
				GCC_WARN_ABOUT_RETURN_TYPE = YES_ERROR;
				GCC_WARN_UNDECLARED_SELECTOR = YES;
				GCC_WARN_UNINITIALIZED_AUTOS = YES_AGGRESSIVE;
				GCC_WARN_UNUSED_FUNCTION = YES;
				GCC_WARN_UNUSED_VARIABLE = YES;
				IPHONEOS_DEPLOYMENT_TARGET = 26.2;
				LOCALIZATION_PREFERS_STRING_CATALOGS = YES;
				MTL_ENABLE_DEBUG_INFO = INCLUDE_SOURCE;
				MTL_FAST_MATH = YES;
				ONLY_ACTIVE_ARCH = YES;
				SDKROOT = iphoneos;
				SWIFT_ACTIVE_COMPILATION_CONDITIONS = "DEBUG $(inherited)";
				SWIFT_OPTIMIZATION_LEVEL = "-Onone";
			};
			name = Debug;
		};
		53D142CB2F4055C900561843 /* Release */ = {
			isa = XCBuildConfiguration;
			buildSettings = {
				ALWAYS_SEARCH_USER_PATHS = NO;
				ASSETCATALOG_COMPILER_GENERATE_SWIFT_ASSET_SYMBOL_EXTENSIONS = YES;
				CLANG_ANALYZER_NONNULL = YES;
				CLANG_ANALYZER_NUMBER_OBJECT_CONVERSION = YES_AGGRESSIVE;
				CLANG_CXX_LANGUAGE_STANDARD = "gnu++20";
				CLANG_ENABLE_MODULES = YES;
				CLANG_ENABLE_OBJC_ARC = YES;
				CLANG_ENABLE_OBJC_WEAK = YES;
				CLANG_WARN_BLOCK_CAPTURE_AUTORELEASING = YES;
				CLANG_WARN_BOOL_CONVERSION = YES;
				CLANG_WARN_COMMA = YES;
				CLANG_WARN_CONSTANT_CONVERSION = YES;
				CLANG_WARN_DEPRECATED_OBJC_IMPLEMENTATIONS = YES;
				CLANG_WARN_DIRECT_OBJC_ISA_USAGE = YES_ERROR;
				CLANG_WARN_DOCUMENTATION_COMMENTS = YES;
				CLANG_WARN_EMPTY_BODY = YES;
				CLANG_WARN_ENUM_CONVERSION = YES;
				CLANG_WARN_INFINITE_RECURSION = YES;
				CLANG_WARN_INT_CONVERSION = YES;
				CLANG_WARN_NON_LITERAL_NULL_CONVERSION = YES;
				CLANG_WARN_OBJC_IMPLICIT_RETAIN_SELF = YES;
				CLANG_WARN_OBJC_LITERAL_CONVERSION = YES;
				CLANG_WARN_OBJC_ROOT_CLASS = YES_ERROR;
				CLANG_WARN_QUOTED_INCLUDE_IN_FRAMEWORK_HEADER = YES;
				CLANG_WARN_RANGE_LOOP_ANALYSIS = YES;
				CLANG_WARN_STRICT_PROTOTYPES = YES;
				CLANG_WARN_SUSPICIOUS_MOVE = YES;
				CLANG_WARN_UNGUARDED_AVAILABILITY = YES_AGGRESSIVE;
				CLANG_WARN_UNREACHABLE_CODE = YES;
				CLANG_WARN__DUPLICATE_METHOD_MATCH = YES;
				COPY_PHASE_STRIP = NO;
				DEBUG_INFORMATION_FORMAT = "dwarf-with-dsym";
				ENABLE_NS_ASSERTIONS = NO;
				ENABLE_STRICT_OBJC_MSGSEND = YES;
				ENABLE_USER_SCRIPT_SANDBOXING = YES;
				GCC_C_LANGUAGE_STANDARD = gnu17;
				GCC_NO_COMMON_BLOCKS = YES;
				GCC_WARN_64_TO_32_BIT_CONVERSION = YES;
				GCC_WARN_ABOUT_RETURN_TYPE = YES_ERROR;
				GCC_WARN_UNDECLARED_SELECTOR = YES;
				GCC_WARN_UNINITIALIZED_AUTOS = YES_AGGRESSIVE;
				GCC_WARN_UNUSED_FUNCTION = YES;
				GCC_WARN_UNUSED_VARIABLE = YES;
				IPHONEOS_DEPLOYMENT_TARGET = 26.2;
				LOCALIZATION_PREFERS_STRING_CATALOGS = YES;
				MTL_ENABLE_DEBUG_INFO = NO;
				MTL_FAST_MATH = YES;
				SDKROOT = iphoneos;
				SWIFT_COMPILATION_MODE = wholemodule;
				VALIDATE_PRODUCT = YES;
			};
			name = Release;
		};
		53D142CD2F4055C900561843 /* Debug */ = {
			isa = XCBuildConfiguration;
			buildSettings = {
				ASSETCATALOG_COMPILER_APPICON_NAME = AppIcon;
				ASSETCATALOG_COMPILER_GLOBAL_ACCENT_COLOR_NAME = AccentColor;
				CODE_SIGN_STYLE = Automatic;
				CURRENT_PROJECT_VERSION = 1;
				DEVELOPMENT_TEAM = M38QG8383N;
				ENABLE_PREVIEWS = YES;
				GENERATE_INFOPLIST_FILE = YES;
				INFOPLIST_KEY_NSBluetoothAlwaysUsageDescription = "We need Bluetooth to communicate with the Smart Cane motor controller.";
				INFOPLIST_KEY_NSCameraUsageDescription = "We need camera access for LiDAR depth sensing to detect obstacles.";
				INFOPLIST_KEY_NSMicrophoneUsageDescription = "We need microphone access for voice commands.";
				INFOPLIST_KEY_NSSpeechRecognitionUsageDescription = "We need speech recognition for voice control features.";
				INFOPLIST_KEY_UIApplicationSceneManifest_Generation = YES;
				INFOPLIST_KEY_UIApplicationSupportsIndirectInputEvents = YES;
				INFOPLIST_KEY_UILaunchScreen_Generation = YES;
				INFOPLIST_KEY_UISupportedInterfaceOrientations_iPad = "UIInterfaceOrientationPortrait UIInterfaceOrientationPortraitUpsideDown UIInterfaceOrientationLandscapeLeft UIInterfaceOrientationLandscapeRight";
				INFOPLIST_KEY_UISupportedInterfaceOrientations_iPhone = "UIInterfaceOrientationPortrait UIInterfaceOrientationLandscapeLeft UIInterfaceOrientationLandscapeRight";
				LD_RUNPATH_SEARCH_PATHS = (
					"$(inherited)",
					"@executable_path/Frameworks",
				);
				MARKETING_VERSION = 1.0;
				PRODUCT_BUNDLE_IDENTIFIER = com.shanemion.SmartCane;
				PRODUCT_NAME = "$(TARGET_NAME)";
				STRING_CATALOG_GENERATE_SYMBOLS = YES;
				SWIFT_APPROACHABLE_CONCURRENCY = YES;
				SWIFT_DEFAULT_ACTOR_ISOLATION = MainActor;
				SWIFT_EMIT_LOC_STRINGS = YES;
				SWIFT_UPCOMING_FEATURE_MEMBER_IMPORT_VISIBILITY = YES;
				SWIFT_VERSION = 6.0;
				TARGETED_DEVICE_FAMILY = 1;
			};
			name = Debug;
		};
		53D142CE2F4055C900561843 /* Release */ = {
			isa = XCBuildConfiguration;
			buildSettings = {
				ASSETCATALOG_COMPILER_APPICON_NAME = AppIcon;
				ASSETCATALOG_COMPILER_GLOBAL_ACCENT_COLOR_NAME = AccentColor;
				CODE_SIGN_STYLE = Automatic;
				CURRENT_PROJECT_VERSION = 1;
				DEVELOPMENT_TEAM = M38QG8383N;
				ENABLE_PREVIEWS = YES;
				GENERATE_INFOPLIST_FILE = YES;
				INFOPLIST_KEY_NSBluetoothAlwaysUsageDescription = "We need Bluetooth to communicate with the Smart Cane motor controller.";
				INFOPLIST_KEY_NSCameraUsageDescription = "We need camera access for LiDAR depth sensing to detect obstacles.";
				INFOPLIST_KEY_NSMicrophoneUsageDescription = "We need microphone access for voice commands.";
				INFOPLIST_KEY_NSSpeechRecognitionUsageDescription = "We need speech recognition for voice control features.";
				INFOPLIST_KEY_UIApplicationSceneManifest_Generation = YES;
				INFOPLIST_KEY_UIApplicationSupportsIndirectInputEvents = YES;
				INFOPLIST_KEY_UILaunchScreen_Generation = YES;
				INFOPLIST_KEY_UISupportedInterfaceOrientations_iPad = "UIInterfaceOrientationPortrait UIInterfaceOrientationPortraitUpsideDown UIInterfaceOrientationLandscapeLeft UIInterfaceOrientationLandscapeRight";
				INFOPLIST_KEY_UISupportedInterfaceOrientations_iPhone = "UIInterfaceOrientationPortrait UIInterfaceOrientationLandscapeLeft UIInterfaceOrientationLandscapeRight";
				LD_RUNPATH_SEARCH_PATHS = (
					"$(inherited)",
					"@executable_path/Frameworks",
				);
				MARKETING_VERSION = 1.0;
				PRODUCT_BUNDLE_IDENTIFIER = com.shanemion.SmartCane;
				PRODUCT_NAME = "$(TARGET_NAME)";
				STRING_CATALOG_GENERATE_SYMBOLS = YES;
				SWIFT_APPROACHABLE_CONCURRENCY = YES;
				SWIFT_DEFAULT_ACTOR_ISOLATION = MainActor;
				SWIFT_EMIT_LOC_STRINGS = YES;
				SWIFT_UPCOMING_FEATURE_MEMBER_IMPORT_VISIBILITY = YES;
				SWIFT_VERSION = 6.0;
				TARGETED_DEVICE_FAMILY = 1;
			};
			name = Release;
		};
/* End XCBuildConfiguration section */

/* Begin XCConfigurationList section */
		53D142BC2F4055C700561843 /* Build configuration list for PBXProject "SmartCane" */ = {
			isa = XCConfigurationList;
			buildConfigurations = (
				53D142CA2F4055C900561843 /* Debug */,
				53D142CB2F4055C900561843 /* Release */,
			);
			defaultConfigurationIsVisible = 0;
			defaultConfigurationName = Release;
		};
		53D142CC2F4055C900561843 /* Build configuration list for PBXNativeTarget "SmartCane" */ = {
			isa = XCConfigurationList;
			buildConfigurations = (
				53D142CD2F4055C900561843 /* Debug */,
				53D142CE2F4055C900561843 /* Release */,
			);
			defaultConfigurationIsVisible = 0;
			defaultConfigurationName = Release;
		};
/* End XCConfigurationList section */

/* Begin XCRemoteSwiftPackageReference section */
		F8EF5DAB2F413DA8006EE8D0 /* XCRemoteSwiftPackageReference "client-sdk-ios" */ = {
			isa = XCRemoteSwiftPackageReference;
			repositoryURL = "https://github.com/VapiAI/client-sdk-ios";
			requirement = {
				branch = main;
				kind = branch;
			};
		};
/* End XCRemoteSwiftPackageReference section */

/* Begin XCSwiftPackageProductDependency section */
		F8EF5DAC2F413DA8006EE8D0 /* Vapi */ = {
			isa = XCSwiftPackageProductDependency;
			package = F8EF5DAB2F413DA8006EE8D0 /* XCRemoteSwiftPackageReference "client-sdk-ios" */;
			productName = Vapi;
		};
/* End XCSwiftPackageProductDependency section */
	};
	rootObject = 53D142B92F4055C700561843 /* Project object */;
}
